
Microsoft Visual Studio Solution File, Format Version 12.00
# Visual Studio Version 16
VisualStudioVersion = 16.0.33529.622
MinimumVisualStudioVersion = 10.0.40219.1
Project("{8BC9CEB8-8B4A-11D0-8D11-00A0C91BC942}") = "VirtualFunction", "VirtualFunction\VirtualFunction.vcxproj", "{FB0BBC5F-371F-4F7F-A31D-0DEAE1910F0B}"
EndProject
Global
	GlobalSection(SolutionConfigurationPlatforms) = preSolution
		Debug|x64 = Debug|x64
		Debug|x86 = Debug|x86
		Release|x64 = Release|x64
		Release|x86 = Release|x86
	EndGlobalSection
	GlobalSection(ProjectConfigurationPlatforms) = postSolution
		{FB0BBC5F-371F-4F7F-A31D-0DEAE1910F0B}.Debug|x64.ActiveCfg = Debug|x64
		{FB0BBC5F-371F-4F7F-A31D-0DEAE1910F0B}.Debug|x64.Build.0 = Debug|x64
		{FB0BBC5F-371F-4F7F-A31D-0DEAE1910F0B}.Debug|x86.ActiveCfg = Debug|Win32
		{FB0BBC5F-371F-4F7F-A31D-0DEAE1910F0B}.Debug|x86.Build.0 = Debug|Win32
		{FB0BBC5F-371F-4F7F-A31D-0DEAE1910F0B}.Release|x64.ActiveCfg = Release|x64
		{FB0BBC5F-371F-4F7F-A31D-0DEAE1910F0B}.Release|x64.Build.0 = Release|x64
		{FB0BBC5F-371F-4F7F-A31D-0DEAE1910F0B}.Release|x86.ActiveCfg = Release|Win32
		{FB0BBC5F-371F-4F7F-A31D-0DEAE1910F0B}.Release|x86.Build.0 = Release|Win32
	EndGlobalSection
	GlobalSection(SolutionProperties) = preSolution
		HideSolutionNode = FALSE
	EndGlobalSection
	GlobalSection(ExtensibilityGlobals) = postSolution
		SolutionGuid = {26351D67-6BA1-479A-BD9B-7E1F5BFA0515}
	EndGlobalSection
EndGlobal
