
Microsoft Visual Studio Solution File, Format Version 12.00
# Visual Studio Version 16
VisualStudioVersion = 16.0.33529.622
MinimumVisualStudioVersion = 10.0.40219.1
Project("{8BC9CEB8-8B4A-11D0-8D11-00A0C91BC942}") = "Threads", "Threads\Threads.vcxproj", "{E9BCA263-20C8-4935-B339-4BA1543DC546}"
EndProject
Global
	GlobalSection(SolutionConfigurationPlatforms) = preSolution
		Debug|x64 = Debug|x64
		Debug|x86 = Debug|x86
		Release|x64 = Release|x64
		Release|x86 = Release|x86
	EndGlobalSection
	GlobalSection(ProjectConfigurationPlatforms) = postSolution
		{E9BCA263-20C8-4935-B339-4BA1543DC546}.Debug|x64.ActiveCfg = Debug|x64
		{E9BCA263-20C8-4935-B339-4BA1543DC546}.Debug|x64.Build.0 = Debug|x64
		{E9BCA263-20C8-4935-B339-4BA1543DC546}.Debug|x86.ActiveCfg = Debug|Win32
		{E9BCA263-20C8-4935-B339-4BA1543DC546}.Debug|x86.Build.0 = Debug|Win32
		{E9BCA263-20C8-4935-B339-4BA1543DC546}.Release|x64.ActiveCfg = Release|x64
		{E9BCA263-20C8-4935-B339-4BA1543DC546}.Release|x64.Build.0 = Release|x64
		{E9BCA263-20C8-4935-B339-4BA1543DC546}.Release|x86.ActiveCfg = Release|Win32
		{E9BCA263-20C8-4935-B339-4BA1543DC546}.Release|x86.Build.0 = Release|Win32
	EndGlobalSection
	GlobalSection(SolutionProperties) = preSolution
		HideSolutionNode = FALSE
	EndGlobalSection
	GlobalSection(ExtensibilityGlobals) = postSolution
		SolutionGuid = {278E47E2-654A-4409-9945-B676BA9E172D}
	EndGlobalSection
EndGlobal
